// !$*UTF8*$!
{
	archiveVersion = 1;
	classes = {
	};
	objectVersion = 52;
	objects = {

/* Begin PBXBuildFile section */
		F00ADD6925E0C82000BEBD09 /* UIScreen+Extensions.swift in Sources */ = {isa = PBXBuildFile; fileRef = F00ADD6825E0C82000BEBD09 /* UIScreen+Extensions.swift */; };
		F00AFB52260F16E80019F4A1 /* AddAddressView.swift in Sources */ = {isa = PBXBuildFile; fileRef = F00AFB51260F16E80019F4A1 /* AddAddressView.swift */; };
		F02377C325E941DE00862CA4 /* ProductPageView.swift in Sources */ = {isa = PBXBuildFile; fileRef = F02377C225E941DE00862CA4 /* ProductPageView.swift */; };
		F026B37C25E0C04E00B8917D /* OnBoardingView.swift in Sources */ = {isa = PBXBuildFile; fileRef = F026B37B25E0C04E00B8917D /* OnBoardingView.swift */; };
		F02ECFA826070DC40042AA10 /* OnBoardingFirstPage.swift in Sources */ = {isa = PBXBuildFile; fileRef = F02ECFA726070DC40042AA10 /* OnBoardingFirstPage.swift */; };
		F02ECFAA26070DD20042AA10 /* OnBoardingSecondPage.swift in Sources */ = {isa = PBXBuildFile; fileRef = F02ECFA926070DD20042AA10 /* OnBoardingSecondPage.swift */; };
		F02ECFAC26070DDD0042AA10 /* OnBoardingThirdPage.swift in Sources */ = {isa = PBXBuildFile; fileRef = F02ECFAB26070DDD0042AA10 /* OnBoardingThirdPage.swift */; };
		F02ECFAF26070FAA0042AA10 /* ProductImageGallery.swift in Sources */ = {isa = PBXBuildFile; fileRef = F02ECFAE26070FAA0042AA10 /* ProductImageGallery.swift */; };
		F02ECFB126070FC70042AA10 /* SpecificationsTabView.swift in Sources */ = {isa = PBXBuildFile; fileRef = F02ECFB026070FC70042AA10 /* SpecificationsTabView.swift */; };
		F02ECFB326070FE80042AA10 /* ReviewsTabView.swift in Sources */ = {isa = PBXBuildFile; fileRef = F02ECFB226070FE80042AA10 /* ReviewsTabView.swift */; };
		F02ECFB6260710210042AA10 /* DescriptionTabView.swift in Sources */ = {isa = PBXBuildFile; fileRef = F02ECFB5260710210042AA10 /* DescriptionTabView.swift */; };
		F02ECFB8260710A40042AA10 /* ProductDetailsTabs.swift in Sources */ = {isa = PBXBuildFile; fileRef = F02ECFB7260710A40042AA10 /* ProductDetailsTabs.swift */; };
		F02ECFBB260710EF0042AA10 /* CategoryView.swift in Sources */ = {isa = PBXBuildFile; fileRef = F02ECFBA260710EF0042AA10 /* CategoryView.swift */; };
		F037C2CF260BC1E6009C1938 /* SettingsView.swift in Sources */ = {isa = PBXBuildFile; fileRef = F037C2CE260BC1E6009C1938 /* SettingsView.swift */; };
		F037C2D2260BC9C0009C1938 /* OrderHistoryView.swift in Sources */ = {isa = PBXBuildFile; fileRef = F037C2D1260BC9C0009C1938 /* OrderHistoryView.swift */; };
		F037C2D4260BCFE3009C1938 /* HistoryView.swift in Sources */ = {isa = PBXBuildFile; fileRef = F037C2D3260BCFE3009C1938 /* HistoryView.swift */; };
		F037C2D6260BD010009C1938 /* SettingTile.swift in Sources */ = {isa = PBXBuildFile; fileRef = F037C2D5260BD010009C1938 /* SettingTile.swift */; };
		F037C2DA260BD2E2009C1938 /* MyAddresesView.swift in Sources */ = {isa = PBXBuildFile; fileRef = F037C2D9260BD2E2009C1938 /* MyAddresesView.swift */; };
		F037C2DC260BD486009C1938 /* AddressView.swift in Sources */ = {isa = PBXBuildFile; fileRef = F037C2DB260BD486009C1938 /* AddressView.swift */; };
		F0496A212601C60400C644C1 /* DescriptionSection.swift in Sources */ = {isa = PBXBuildFile; fileRef = F0496A202601C60400C644C1 /* DescriptionSection.swift */; };
		F0496A232601C91600C644C1 /* ReviewView.swift in Sources */ = {isa = PBXBuildFile; fileRef = F0496A222601C91600C644C1 /* ReviewView.swift */; };
		F04E9FCF25E53FB800120F88 /* MainView.swift in Sources */ = {isa = PBXBuildFile; fileRef = F04E9FCE25E53FB800120F88 /* MainView.swift */; };
		F059CF5D2602E8890032BF7B /* Navigation.swift in Sources */ = {isa = PBXBuildFile; fileRef = F059CF5C2602E8890032BF7B /* Navigation.swift */; };
		F0630D4B260A230A002D768D /* SearchView.swift in Sources */ = {isa = PBXBuildFile; fileRef = F0630D4A260A230A002D768D /* SearchView.swift */; };
		F0630D4D260A232E002D768D /* SearchSuggestion.swift in Sources */ = {isa = PBXBuildFile; fileRef = F0630D4C260A232E002D768D /* SearchSuggestion.swift */; };
		F0630D50260A23C4002D768D /* FilterView.swift in Sources */ = {isa = PBXBuildFile; fileRef = F0630D4F260A23C4002D768D /* FilterView.swift */; };
		F0630D52260A287E002D768D /* Chip.swift in Sources */ = {isa = PBXBuildFile; fileRef = F0630D51260A287E002D768D /* Chip.swift */; };
		F0630D54260A2F64002D768D /* RangedSlider.swift in Sources */ = {isa = PBXBuildFile; fileRef = F0630D53260A2F64002D768D /* RangedSlider.swift */; };
		F06952B825E2D21D00CC431F /* LoginView.swift in Sources */ = {isa = PBXBuildFile; fileRef = F06952B725E2D21D00CC431F /* LoginView.swift */; };
		F06952BA25E2D60700CC431F /* CheckBox.swift in Sources */ = {isa = PBXBuildFile; fileRef = F06952B925E2D60700CC431F /* CheckBox.swift */; };
		F06952BC25E2DD6A00CC431F /* SecureUnderlineTextField.swift in Sources */ = {isa = PBXBuildFile; fileRef = F06952BB25E2DD6A00CC431F /* SecureUnderlineTextField.swift */; };
		F06D55D3260AB79C00B8771F /* FavoriteView.swift in Sources */ = {isa = PBXBuildFile; fileRef = F06D55D2260AB79C00B8771F /* FavoriteView.swift */; };
		F0843D3A25E6EE7400970085 /* HomeView.swift in Sources */ = {isa = PBXBuildFile; fileRef = F0843D3925E6EE7400970085 /* HomeView.swift */; };
		F0843D3C25E6EE9000970085 /* HomeTopDeals.swift in Sources */ = {isa = PBXBuildFile; fileRef = F0843D3B25E6EE9000970085 /* HomeTopDeals.swift */; };
		F0843D3E25E6EEAC00970085 /* HomeCategory.swift in Sources */ = {isa = PBXBuildFile; fileRef = F0843D3D25E6EEAC00970085 /* HomeCategory.swift */; };
		F0843D4025E6EEC900970085 /* HomeBrand.swift in Sources */ = {isa = PBXBuildFile; fileRef = F0843D3F25E6EEC900970085 /* HomeBrand.swift */; };
		F08A81E125F26AAD00D369B6 /* Tabs.swift in Sources */ = {isa = PBXBuildFile; fileRef = F08A81E025F26AAD00D369B6 /* Tabs.swift */; };
		F0A8BA7025E4A30200161A11 /* ResetPasswordView.swift in Sources */ = {isa = PBXBuildFile; fileRef = F0A8BA6F25E4A30200161A11 /* ResetPasswordView.swift */; };
		F0A8BA7225E4A49300161A11 /* ResetPasswordSentView.swift in Sources */ = {isa = PBXBuildFile; fileRef = F0A8BA7125E4A49300161A11 /* ResetPasswordSentView.swift */; };
		F0B1E76E25E0D396005041F6 /* RegisterView.swift in Sources */ = {isa = PBXBuildFile; fileRef = F0B1E76D25E0D396005041F6 /* RegisterView.swift */; };
		F0B543852605A41C00ACB311 /* PhoneVerificationView.swift in Sources */ = {isa = PBXBuildFile; fileRef = F0B543842605A41C00ACB311 /* PhoneVerificationView.swift */; };
		F0B543872605B0B400ACB311 /* VerificationView.swift in Sources */ = {isa = PBXBuildFile; fileRef = F0B543862605B0B400ACB311 /* VerificationView.swift */; };
		F0B5438A2605B1CC00ACB311 /* LoadingView.swift in Sources */ = {isa = PBXBuildFile; fileRef = F0B543892605B1CC00ACB311 /* LoadingView.swift */; };
		F0B5438C2605B3BA00ACB311 /* PhoneVerificationDone.swift in Sources */ = {isa = PBXBuildFile; fileRef = F0B5438B2605B3BA00ACB311 /* PhoneVerificationDone.swift */; };
		F0BFEA3B25E093C100CE0877 /* AppDelegate.swift in Sources */ = {isa = PBXBuildFile; fileRef = F0BFEA3A25E093C100CE0877 /* AppDelegate.swift */; };
		F0BFEA3D25E093C100CE0877 /* SceneDelegate.swift in Sources */ = {isa = PBXBuildFile; fileRef = F0BFEA3C25E093C100CE0877 /* SceneDelegate.swift */; };
		F0BFEA4125E093C400CE0877 /* Assets.xcassets in Resources */ = {isa = PBXBuildFile; fileRef = F0BFEA4025E093C400CE0877 /* Assets.xcassets */; };
		F0BFEA4425E093C400CE0877 /* Preview Assets.xcassets in Resources */ = {isa = PBXBuildFile; fileRef = F0BFEA4325E093C400CE0877 /* Preview Assets.xcassets */; };
		F0BFEA4725E093C400CE0877 /* LaunchScreen.storyboard in Resources */ = {isa = PBXBuildFile; fileRef = F0BFEA4525E093C400CE0877 /* LaunchScreen.storyboard */; };
		F0BFEA5725E0942600CE0877 /* OutlinedButton.swift in Sources */ = {isa = PBXBuildFile; fileRef = F0BFEA5025E0942500CE0877 /* OutlinedButton.swift */; };
		F0BFEA5825E0942600CE0877 /* PageControl.swift in Sources */ = {isa = PBXBuildFile; fileRef = F0BFEA5125E0942500CE0877 /* PageControl.swift */; };
		F0BFEA5A25E0942600CE0877 /* MasterButton.swift in Sources */ = {isa = PBXBuildFile; fileRef = F0BFEA5325E0942500CE0877 /* MasterButton.swift */; };
		F0BFEA5B25E0942600CE0877 /* Color+Extensions.swift in Sources */ = {isa = PBXBuildFile; fileRef = F0BFEA5425E0942500CE0877 /* Color+Extensions.swift */; };
		F0BFEA5C25E0942600CE0877 /* PageViewController.swift in Sources */ = {isa = PBXBuildFile; fileRef = F0BFEA5525E0942500CE0877 /* PageViewController.swift */; };
		F0D3E9E825E5AA1D00CD03BA /* SlidingTabView in Frameworks */ = {isa = PBXBuildFile; productRef = F0D3E9E725E5AA1D00CD03BA /* SlidingTabView */; };
		F0FAB08E25E15EC800E0B3E2 /* UnderlineTextField.swift in Sources */ = {isa = PBXBuildFile; fileRef = F0FAB08D25E15EC800E0B3E2 /* UnderlineTextField.swift */; };
		F0FAB09025E165B800E0B3E2 /* SocialButton.swift in Sources */ = {isa = PBXBuildFile; fileRef = F0FAB08F25E165B800E0B3E2 /* SocialButton.swift */; };
/* End PBXBuildFile section */

/* Begin PBXFileReference section */
		F00ADD6825E0C82000BEBD09 /* UIScreen+Extensions.swift */ = {isa = PBXFileReference; lastKnownFileType = sourcecode.swift; path = "UIScreen+Extensions.swift"; sourceTree = "<group>"; };
		F00ADD6B25E0C90B00BEBD09 /* Avenir-Heavy.otf */ = {isa = PBXFileReference; lastKnownFileType = file; path = "Avenir-Heavy.otf"; sourceTree = "<group>"; };
		F00ADD6C25E0C90B00BEBD09 /* Avenir-Book.otf */ = {isa = PBXFileReference; lastKnownFileType = file; path = "Avenir-Book.otf"; sourceTree = "<group>"; };
		F00ADD6D25E0C90B00BEBD09 /* Avenir-Black.otf */ = {isa = PBXFileReference; lastKnownFileType = file; path = "Avenir-Black.otf"; sourceTree = "<group>"; };
		F00ADD6E25E0C90B00BEBD09 /* Avenir-Medium.otf */ = {isa = PBXFileReference; lastKnownFileType = file; path = "Avenir-Medium.otf"; sourceTree = "<group>"; };
		F00ADD6F25E0C90B00BEBD09 /* Avenir-Light.otf */ = {isa = PBXFileReference; lastKnownFileType = file; path = "Avenir-Light.otf"; sourceTree = "<group>"; };
		F00ADD7025E0C90B00BEBD09 /* Avenir-Roman.otf */ = {isa = PBXFileReference; lastKnownFileType = file; path = "Avenir-Roman.otf"; sourceTree = "<group>"; };
		F00AFB51260F16E80019F4A1 /* AddAddressView.swift */ = {isa = PBXFileReference; lastKnownFileType = sourcecode.swift; path = AddAddressView.swift; sourceTree = "<group>"; };
		F02377C225E941DE00862CA4 /* ProductPageView.swift */ = {isa = PBXFileReference; lastKnownFileType = sourcecode.swift; path = ProductPageView.swift; sourceTree = "<group>"; };
		F026B37B25E0C04E00B8917D /* OnBoardingView.swift */ = {isa = PBXFileReference; lastKnownFileType = sourcecode.swift; path = OnBoardingView.swift; sourceTree = "<group>"; };
		F02ECFA726070DC40042AA10 /* OnBoardingFirstPage.swift */ = {isa = PBXFileReference; lastKnownFileType = sourcecode.swift; path = OnBoardingFirstPage.swift; sourceTree = "<group>"; };
		F02ECFA926070DD20042AA10 /* OnBoardingSecondPage.swift */ = {isa = PBXFileReference; lastKnownFileType = sourcecode.swift; path = OnBoardingSecondPage.swift; sourceTree = "<group>"; };
		F02ECFAB26070DDD0042AA10 /* OnBoardingThirdPage.swift */ = {isa = PBXFileReference; lastKnownFileType = sourcecode.swift; path = OnBoardingThirdPage.swift; sourceTree = "<group>"; };
		F02ECFAE26070FAA0042AA10 /* ProductImageGallery.swift */ = {isa = PBXFileReference; lastKnownFileType = sourcecode.swift; path = ProductImageGallery.swift; sourceTree = "<group>"; };
		F02ECFB026070FC70042AA10 /* SpecificationsTabView.swift */ = {isa = PBXFileReference; lastKnownFileType = sourcecode.swift; path = SpecificationsTabView.swift; sourceTree = "<group>"; };
		F02ECFB226070FE80042AA10 /* ReviewsTabView.swift */ = {isa = PBXFileReference; lastKnownFileType = sourcecode.swift; path = ReviewsTabView.swift; sourceTree = "<group>"; };
		F02ECFB5260710210042AA10 /* DescriptionTabView.swift */ = {isa = PBXFileReference; lastKnownFileType = sourcecode.swift; path = DescriptionTabView.swift; sourceTree = "<group>"; };
		F02ECFB7260710A40042AA10 /* ProductDetailsTabs.swift */ = {isa = PBXFileReference; lastKnownFileType = sourcecode.swift; path = ProductDetailsTabs.swift; sourceTree = "<group>"; };
		F02ECFBA260710EF0042AA10 /* CategoryView.swift */ = {isa = PBXFileReference; lastKnownFileType = sourcecode.swift; path = CategoryView.swift; sourceTree = "<group>"; };
		F037C2CE260BC1E6009C1938 /* SettingsView.swift */ = {isa = PBXFileReference; lastKnownFileType = sourcecode.swift; path = SettingsView.swift; sourceTree = "<group>"; };
		F037C2D1260BC9C0009C1938 /* OrderHistoryView.swift */ = {isa = PBXFileReference; lastKnownFileType = sourcecode.swift; path = OrderHistoryView.swift; sourceTree = "<group>"; };
		F037C2D3260BCFE3009C1938 /* HistoryView.swift */ = {isa = PBXFileReference; lastKnownFileType = sourcecode.swift; path = HistoryView.swift; sourceTree = "<group>"; };
		F037C2D5260BD010009C1938 /* SettingTile.swift */ = {isa = PBXFileReference; lastKnownFileType = sourcecode.swift; path = SettingTile.swift; sourceTree = "<group>"; };
		F037C2D9260BD2E2009C1938 /* MyAddresesView.swift */ = {isa = PBXFileReference; lastKnownFileType = sourcecode.swift; path = MyAddresesView.swift; sourceTree = "<group>"; };
		F037C2DB260BD486009C1938 /* AddressView.swift */ = {isa = PBXFileReference; lastKnownFileType = sourcecode.swift; path = AddressView.swift; sourceTree = "<group>"; };
		F0496A202601C60400C644C1 /* DescriptionSection.swift */ = {isa = PBXFileReference; lastKnownFileType = sourcecode.swift; path = DescriptionSection.swift; sourceTree = "<group>"; };
		F0496A222601C91600C644C1 /* ReviewView.swift */ = {isa = PBXFileReference; lastKnownFileType = sourcecode.swift; path = ReviewView.swift; sourceTree = "<group>"; };
		F04E9FCE25E53FB800120F88 /* MainView.swift */ = {isa = PBXFileReference; lastKnownFileType = sourcecode.swift; path = MainView.swift; sourceTree = "<group>"; };
		F059CF5C2602E8890032BF7B /* Navigation.swift */ = {isa = PBXFileReference; lastKnownFileType = sourcecode.swift; path = Navigation.swift; sourceTree = "<group>"; };
		F0630D4A260A230A002D768D /* SearchView.swift */ = {isa = PBXFileReference; lastKnownFileType = sourcecode.swift; path = SearchView.swift; sourceTree = "<group>"; };
		F0630D4C260A232E002D768D /* SearchSuggestion.swift */ = {isa = PBXFileReference; lastKnownFileType = sourcecode.swift; path = SearchSuggestion.swift; sourceTree = "<group>"; };
		F0630D4F260A23C4002D768D /* FilterView.swift */ = {isa = PBXFileReference; lastKnownFileType = sourcecode.swift; path = FilterView.swift; sourceTree = "<group>"; };
		F0630D51260A287E002D768D /* Chip.swift */ = {isa = PBXFileReference; lastKnownFileType = sourcecode.swift; path = Chip.swift; sourceTree = "<group>"; };
		F0630D53260A2F64002D768D /* RangedSlider.swift */ = {isa = PBXFileReference; lastKnownFileType = sourcecode.swift; path = RangedSlider.swift; sourceTree = "<group>"; };
		F06952B725E2D21D00CC431F /* LoginView.swift */ = {isa = PBXFileReference; lastKnownFileType = sourcecode.swift; path = LoginView.swift; sourceTree = "<group>"; };
		F06952B925E2D60700CC431F /* CheckBox.swift */ = {isa = PBXFileReference; lastKnownFileType = sourcecode.swift; path = CheckBox.swift; sourceTree = "<group>"; };
		F06952BB25E2DD6A00CC431F /* SecureUnderlineTextField.swift */ = {isa = PBXFileReference; lastKnownFileType = sourcecode.swift; path = SecureUnderlineTextField.swift; sourceTree = "<group>"; };
		F06D55D2260AB79C00B8771F /* FavoriteView.swift */ = {isa = PBXFileReference; lastKnownFileType = sourcecode.swift; path = FavoriteView.swift; sourceTree = "<group>"; };
		F0843D3925E6EE7400970085 /* HomeView.swift */ = {isa = PBXFileReference; lastKnownFileType = sourcecode.swift; path = HomeView.swift; sourceTree = "<group>"; };
		F0843D3B25E6EE9000970085 /* HomeTopDeals.swift */ = {isa = PBXFileReference; lastKnownFileType = sourcecode.swift; path = HomeTopDeals.swift; sourceTree = "<group>"; };
		F0843D3D25E6EEAC00970085 /* HomeCategory.swift */ = {isa = PBXFileReference; lastKnownFileType = sourcecode.swift; path = HomeCategory.swift; sourceTree = "<group>"; };
		F0843D3F25E6EEC900970085 /* HomeBrand.swift */ = {isa = PBXFileReference; lastKnownFileType = sourcecode.swift; path = HomeBrand.swift; sourceTree = "<group>"; };
		F08A81E025F26AAD00D369B6 /* Tabs.swift */ = {isa = PBXFileReference; lastKnownFileType = sourcecode.swift; path = Tabs.swift; sourceTree = "<group>"; };
		F0A8BA6F25E4A30200161A11 /* ResetPasswordView.swift */ = {isa = PBXFileReference; lastKnownFileType = sourcecode.swift; path = ResetPasswordView.swift; sourceTree = "<group>"; };
		F0A8BA7125E4A49300161A11 /* ResetPasswordSentView.swift */ = {isa = PBXFileReference; lastKnownFileType = sourcecode.swift; path = ResetPasswordSentView.swift; sourceTree = "<group>"; };
		F0B1E76D25E0D396005041F6 /* RegisterView.swift */ = {isa = PBXFileReference; lastKnownFileType = sourcecode.swift; path = RegisterView.swift; sourceTree = "<group>"; };
		F0B543842605A41C00ACB311 /* PhoneVerificationView.swift */ = {isa = PBXFileReference; lastKnownFileType = sourcecode.swift; path = PhoneVerificationView.swift; sourceTree = "<group>"; };
		F0B543862605B0B400ACB311 /* VerificationView.swift */ = {isa = PBXFileReference; lastKnownFileType = sourcecode.swift; path = VerificationView.swift; sourceTree = "<group>"; };
		F0B543892605B1CC00ACB311 /* LoadingView.swift */ = {isa = PBXFileReference; lastKnownFileType = sourcecode.swift; path = LoadingView.swift; sourceTree = "<group>"; };
		F0B5438B2605B3BA00ACB311 /* PhoneVerificationDone.swift */ = {isa = PBXFileReference; lastKnownFileType = sourcecode.swift; path = PhoneVerificationDone.swift; sourceTree = "<group>"; };
		F0BFEA3725E093C100CE0877 /* ProjectOne.app */ = {isa = PBXFileReference; explicitFileType = wrapper.application; includeInIndex = 0; path = ProjectOne.app; sourceTree = BUILT_PRODUCTS_DIR; };
		F0BFEA3A25E093C100CE0877 /* AppDelegate.swift */ = {isa = PBXFileReference; lastKnownFileType = sourcecode.swift; path = AppDelegate.swift; sourceTree = "<group>"; };
		F0BFEA3C25E093C100CE0877 /* SceneDelegate.swift */ = {isa = PBXFileReference; lastKnownFileType = sourcecode.swift; path = SceneDelegate.swift; sourceTree = "<group>"; };
		F0BFEA4025E093C400CE0877 /* Assets.xcassets */ = {isa = PBXFileReference; lastKnownFileType = folder.assetcatalog; path = Assets.xcassets; sourceTree = "<group>"; };
		F0BFEA4325E093C400CE0877 /* Preview Assets.xcassets */ = {isa = PBXFileReference; lastKnownFileType = folder.assetcatalog; path = "Preview Assets.xcassets"; sourceTree = "<group>"; };
		F0BFEA4625E093C400CE0877 /* Base */ = {isa = PBXFileReference; lastKnownFileType = file.storyboard; name = Base; path = Base.lproj/LaunchScreen.storyboard; sourceTree = "<group>"; };
		F0BFEA4825E093C400CE0877 /* Info.plist */ = {isa = PBXFileReference; lastKnownFileType = text.plist.xml; path = Info.plist; sourceTree = "<group>"; };
		F0BFEA5025E0942500CE0877 /* OutlinedButton.swift */ = {isa = PBXFileReference; fileEncoding = 4; lastKnownFileType = sourcecode.swift; path = OutlinedButton.swift; sourceTree = "<group>"; };
		F0BFEA5125E0942500CE0877 /* PageControl.swift */ = {isa = PBXFileReference; fileEncoding = 4; lastKnownFileType = sourcecode.swift; path = PageControl.swift; sourceTree = "<group>"; };
		F0BFEA5325E0942500CE0877 /* MasterButton.swift */ = {isa = PBXFileReference; fileEncoding = 4; lastKnownFileType = sourcecode.swift; path = MasterButton.swift; sourceTree = "<group>"; };
		F0BFEA5425E0942500CE0877 /* Color+Extensions.swift */ = {isa = PBXFileReference; fileEncoding = 4; lastKnownFileType = sourcecode.swift; path = "Color+Extensions.swift"; sourceTree = "<group>"; };
		F0BFEA5525E0942500CE0877 /* PageViewController.swift */ = {isa = PBXFileReference; fileEncoding = 4; lastKnownFileType = sourcecode.swift; path = PageViewController.swift; sourceTree = "<group>"; };
		F0FAB08D25E15EC800E0B3E2 /* UnderlineTextField.swift */ = {isa = PBXFileReference; lastKnownFileType = sourcecode.swift; path = UnderlineTextField.swift; sourceTree = "<group>"; };
		F0FAB08F25E165B800E0B3E2 /* SocialButton.swift */ = {isa = PBXFileReference; lastKnownFileType = sourcecode.swift; path = SocialButton.swift; sourceTree = "<group>"; };
/* End PBXFileReference section */

/* Begin PBXFrameworksBuildPhase section */
		F0BFEA3425E093C100CE0877 /* Frameworks */ = {
			isa = PBXFrameworksBuildPhase;
			buildActionMask = 2147483647;
			files = (
				F0D3E9E825E5AA1D00CD03BA /* SlidingTabView in Frameworks */,
			);
			runOnlyForDeploymentPostprocessing = 0;
		};
/* End PBXFrameworksBuildPhase section */

/* Begin PBXGroup section */
		F00ADD6A25E0C90200BEBD09 /* fonts */ = {
			isa = PBXGroup;
			children = (
				F00ADD6D25E0C90B00BEBD09 /* Avenir-Black.otf */,
				F00ADD6C25E0C90B00BEBD09 /* Avenir-Book.otf */,
				F00ADD6B25E0C90B00BEBD09 /* Avenir-Heavy.otf */,
				F00ADD6F25E0C90B00BEBD09 /* Avenir-Light.otf */,
				F00ADD6E25E0C90B00BEBD09 /* Avenir-Medium.otf */,
				F00ADD7025E0C90B00BEBD09 /* Avenir-Roman.otf */,
			);
			path = fonts;
			sourceTree = "<group>";
		};
		F00AFB50260F16AC0019F4A1 /* add address */ = {
			isa = PBXGroup;
			children = (
				F00AFB51260F16E80019F4A1 /* AddAddressView.swift */,
			);
			path = "add address";
			sourceTree = "<group>";
		};
		F02ECFA626070D930042AA10 /* onboarding */ = {
			isa = PBXGroup;
			children = (
				F026B37B25E0C04E00B8917D /* OnBoardingView.swift */,
				F02ECFA726070DC40042AA10 /* OnBoardingFirstPage.swift */,
				F02ECFA926070DD20042AA10 /* OnBoardingSecondPage.swift */,
				F02ECFAB26070DDD0042AA10 /* OnBoardingThirdPage.swift */,
			);
			path = onboarding;
			sourceTree = "<group>";
		};
		F02ECFAD26070F910042AA10 /* product details */ = {
			isa = PBXGroup;
			children = (
				F02377C225E941DE00862CA4 /* ProductPageView.swift */,
				F02ECFAE26070FAA0042AA10 /* ProductImageGallery.swift */,
				F02ECFB026070FC70042AA10 /* SpecificationsTabView.swift */,
				F02ECFB226070FE80042AA10 /* ReviewsTabView.swift */,
				F02ECFB5260710210042AA10 /* DescriptionTabView.swift */,
				F02ECFB7260710A40042AA10 /* ProductDetailsTabs.swift */,
			);
			path = "product details";
			sourceTree = "<group>";
		};
		F02ECFB9260710DC0042AA10 /* category */ = {
			isa = PBXGroup;
			children = (
				F02ECFBA260710EF0042AA10 /* CategoryView.swift */,
			);
			path = category;
			sourceTree = "<group>";
		};
		F02ECFBC260711200042AA10 /* home */ = {
			isa = PBXGroup;
			children = (
				F0843D3925E6EE7400970085 /* HomeView.swift */,
				F0843D3B25E6EE9000970085 /* HomeTopDeals.swift */,
				F0843D3D25E6EEAC00970085 /* HomeCategory.swift */,
				F0843D3F25E6EEC900970085 /* HomeBrand.swift */,
			);
			path = home;
			sourceTree = "<group>";
		};
		F037C2CD260BC1D5009C1938 /* settings and more */ = {
			isa = PBXGroup;
			children = (
				F037C2CE260BC1E6009C1938 /* SettingsView.swift */,
				F037C2D5260BD010009C1938 /* SettingTile.swift */,
			);
			path = "settings and more";
			sourceTree = "<group>";
		};
		F037C2D0260BC9AE009C1938 /* order history */ = {
			isa = PBXGroup;
			children = (
				F037C2D1260BC9C0009C1938 /* OrderHistoryView.swift */,
				F037C2D3260BCFE3009C1938 /* HistoryView.swift */,
			);
			path = "order history";
			sourceTree = "<group>";
		};
		F037C2D7260BD2C4009C1938 /* my addresses */ = {
			isa = PBXGroup;
			children = (
				F037C2D9260BD2E2009C1938 /* MyAddresesView.swift */,
				F037C2DB260BD486009C1938 /* AddressView.swift */,
			);
			path = "my addresses";
			sourceTree = "<group>";
		};
		F0630D49260A22F4002D768D /* search */ = {
			isa = PBXGroup;
			children = (
				F0630D4A260A230A002D768D /* SearchView.swift */,
				F0630D4C260A232E002D768D /* SearchSuggestion.swift */,
			);
			path = search;
			sourceTree = "<group>";
		};
		F0630D4E260A239D002D768D /* filter */ = {
			isa = PBXGroup;
			children = (
				F0630D4F260A23C4002D768D /* FilterView.swift */,
			);
			path = filter;
			sourceTree = "<group>";
		};
		F06D55D1260AB78700B8771F /* favorite */ = {
			isa = PBXGroup;
			children = (
				F06D55D2260AB79C00B8771F /* FavoriteView.swift */,
			);
			path = favorite;
			sourceTree = "<group>";
		};
		F0843D3825E6EE4B00970085 /* main */ = {
			isa = PBXGroup;
			children = (
				F037C2CD260BC1D5009C1938 /* settings and more */,
				F06D55D1260AB78700B8771F /* favorite */,
				F02ECFBC260711200042AA10 /* home */,
				F02ECFB9260710DC0042AA10 /* category */,
				F04E9FCE25E53FB800120F88 /* MainView.swift */,
			);
			path = main;
			sourceTree = "<group>";
		};
		F0B1E76A25E0D362005041F6 /* views */ = {
			isa = PBXGroup;
			children = (
				F0BFEA5325E0942500CE0877 /* MasterButton.swift */,
				F0BFEA5025E0942500CE0877 /* OutlinedButton.swift */,
				F0BFEA5125E0942500CE0877 /* PageControl.swift */,
				F0BFEA5525E0942500CE0877 /* PageViewController.swift */,
				F0FAB08D25E15EC800E0B3E2 /* UnderlineTextField.swift */,
				F06952BB25E2DD6A00CC431F /* SecureUnderlineTextField.swift */,
				F0FAB08F25E165B800E0B3E2 /* SocialButton.swift */,
				F06952B925E2D60700CC431F /* CheckBox.swift */,
				F08A81E025F26AAD00D369B6 /* Tabs.swift */,
				F0496A202601C60400C644C1 /* DescriptionSection.swift */,
				F0496A222601C91600C644C1 /* ReviewView.swift */,
				F059CF5C2602E8890032BF7B /* Navigation.swift */,
				F0B543862605B0B400ACB311 /* VerificationView.swift */,
				F0630D51260A287E002D768D /* Chip.swift */,
				F0630D53260A2F64002D768D /* RangedSlider.swift */,
			);
			path = views;
			sourceTree = "<group>";
		};
		F0B1E76B25E0D370005041F6 /* extensions */ = {
			isa = PBXGroup;
			children = (
				F0BFEA5425E0942500CE0877 /* Color+Extensions.swift */,
				F00ADD6825E0C82000BEBD09 /* UIScreen+Extensions.swift */,
			);
			path = extensions;
			sourceTree = "<group>";
		};
		F0B1E76C25E0D384005041F6 /* page */ = {
			isa = PBXGroup;
			children = (
				F00AFB50260F16AC0019F4A1 /* add address */,
				F037C2D7260BD2C4009C1938 /* my addresses */,
				F037C2D0260BC9AE009C1938 /* order history */,
				F0630D4E260A239D002D768D /* filter */,
				F0630D49260A22F4002D768D /* search */,
				F02ECFAD26070F910042AA10 /* product details */,
				F02ECFA626070D930042AA10 /* onboarding */,
				F0843D3825E6EE4B00970085 /* main */,
				F0B5438B2605B3BA00ACB311 /* PhoneVerificationDone.swift */,
				F0B1E76D25E0D396005041F6 /* RegisterView.swift */,
				F06952B725E2D21D00CC431F /* LoginView.swift */,
				F0A8BA6F25E4A30200161A11 /* ResetPasswordView.swift */,
				F0A8BA7125E4A49300161A11 /* ResetPasswordSentView.swift */,
				F0B543842605A41C00ACB311 /* PhoneVerificationView.swift */,
				F0B543892605B1CC00ACB311 /* LoadingView.swift */,
			);
			path = page;
			sourceTree = "<group>";
		};
		F0BFEA2E25E093C100CE0877 = {
			isa = PBXGroup;
			children = (
				F0BFEA3925E093C100CE0877 /* ProjectOne */,
				F0BFEA3825E093C100CE0877 /* Products */,
			);
			sourceTree = "<group>";
		};
		F0BFEA3825E093C100CE0877 /* Products */ = {
			isa = PBXGroup;
			children = (
				F0BFEA3725E093C100CE0877 /* ProjectOne.app */,
			);
			name = Products;
			sourceTree = "<group>";
		};
		F0BFEA3925E093C100CE0877 /* ProjectOne */ = {
			isa = PBXGroup;
			children = (
				F0B1E76C25E0D384005041F6 /* page */,
				F0B1E76B25E0D370005041F6 /* extensions */,
				F0B1E76A25E0D362005041F6 /* views */,
				F00ADD6A25E0C90200BEBD09 /* fonts */,
				F0BFEA3A25E093C100CE0877 /* AppDelegate.swift */,
				F0BFEA3C25E093C100CE0877 /* SceneDelegate.swift */,
				F0BFEA4025E093C400CE0877 /* Assets.xcassets */,
				F0BFEA4525E093C400CE0877 /* LaunchScreen.storyboard */,
				F0BFEA4825E093C400CE0877 /* Info.plist */,
				F0BFEA4225E093C400CE0877 /* Preview Content */,
			);
			path = ProjectOne;
			sourceTree = "<group>";
		};
		F0BFEA4225E093C400CE0877 /* Preview Content */ = {
			isa = PBXGroup;
			children = (
				F0BFEA4325E093C400CE0877 /* Preview Assets.xcassets */,
			);
			path = "Preview Content";
			sourceTree = "<group>";
		};
/* End PBXGroup section */

/* Begin PBXNativeTarget section */
		F0BFEA3625E093C100CE0877 /* ProjectOne */ = {
			isa = PBXNativeTarget;
			buildConfigurationList = F0BFEA4B25E093C400CE0877 /* Build configuration list for PBXNativeTarget "ProjectOne" */;
			buildPhases = (
				F0BFEA3325E093C100CE0877 /* Sources */,
				F0BFEA3425E093C100CE0877 /* Frameworks */,
				F0BFEA3525E093C100CE0877 /* Resources */,
			);
			buildRules = (
			);
			dependencies = (
			);
			name = ProjectOne;
			packageProductDependencies = (
				F0D3E9E725E5AA1D00CD03BA /* SlidingTabView */,
			);
			productName = ProjectOne;
			productReference = F0BFEA3725E093C100CE0877 /* ProjectOne.app */;
			productType = "com.apple.product-type.application";
		};
/* End PBXNativeTarget section */

/* Begin PBXProject section */
		F0BFEA2F25E093C100CE0877 /* Project object */ = {
			isa = PBXProject;
			attributes = {
				LastSwiftUpdateCheck = 1170;
				LastUpgradeCheck = 1170;
				ORGANIZATIONNAME = Sharif;
				TargetAttributes = {
					F0BFEA3625E093C100CE0877 = {
						CreatedOnToolsVersion = 11.7;
					};
				};
			};
			buildConfigurationList = F0BFEA3225E093C100CE0877 /* Build configuration list for PBXProject "ProjectOne" */;
			compatibilityVersion = "Xcode 9.3";
			developmentRegion = en;
			hasScannedForEncodings = 0;
			knownRegions = (
				en,
				Base,
			);
			mainGroup = F0BFEA2E25E093C100CE0877;
			packageReferences = (
				F0D3E9E625E5AA1D00CD03BA /* XCRemoteSwiftPackageReference "SlidingTabView" */,
			);
			productRefGroup = F0BFEA3825E093C100CE0877 /* Products */;
			projectDirPath = "";
			projectRoot = "";
			targets = (
				F0BFEA3625E093C100CE0877 /* ProjectOne */,
			);
		};
/* End PBXProject section */

/* Begin PBXResourcesBuildPhase section */
		F0BFEA3525E093C100CE0877 /* Resources */ = {
			isa = PBXResourcesBuildPhase;
			buildActionMask = 2147483647;
			files = (
				F0BFEA4725E093C400CE0877 /* LaunchScreen.storyboard in Resources */,
				F0BFEA4425E093C400CE0877 /* Preview Assets.xcassets in Resources */,
				F0BFEA4125E093C400CE0877 /* Assets.xcassets in Resources */,
			);
			runOnlyForDeploymentPostprocessing = 0;
		};
/* End PBXResourcesBuildPhase section */

/* Begin PBXSourcesBuildPhase section */
		F0BFEA3325E093C100CE0877 /* Sources */ = {
			isa = PBXSourcesBuildPhase;
			buildActionMask = 2147483647;
			files = (
				F0496A212601C60400C644C1 /* DescriptionSection.swift in Sources */,
				F0630D52260A287E002D768D /* Chip.swift in Sources */,
				F037C2D4260BCFE3009C1938 /* HistoryView.swift in Sources */,
				F0BFEA5A25E0942600CE0877 /* MasterButton.swift in Sources */,
				F0B1E76E25E0D396005041F6 /* RegisterView.swift in Sources */,
				F0843D4025E6EEC900970085 /* HomeBrand.swift in Sources */,
				F00ADD6925E0C82000BEBD09 /* UIScreen+Extensions.swift in Sources */,
				F037C2DA260BD2E2009C1938 /* MyAddresesView.swift in Sources */,
				F02ECFB326070FE80042AA10 /* ReviewsTabView.swift in Sources */,
				F0A8BA7025E4A30200161A11 /* ResetPasswordView.swift in Sources */,
				F0BFEA5825E0942600CE0877 /* PageControl.swift in Sources */,
				F0843D3E25E6EEAC00970085 /* HomeCategory.swift in Sources */,
				F037C2D2260BC9C0009C1938 /* OrderHistoryView.swift in Sources */,
				F037C2DC260BD486009C1938 /* AddressView.swift in Sources */,
				F02377C325E941DE00862CA4 /* ProductPageView.swift in Sources */,
				F0630D4B260A230A002D768D /* SearchView.swift in Sources */,
				F0FAB08E25E15EC800E0B3E2 /* UnderlineTextField.swift in Sources */,
				F026B37C25E0C04E00B8917D /* OnBoardingView.swift in Sources */,
				F02ECFAC26070DDD0042AA10 /* OnBoardingThirdPage.swift in Sources */,
				F0BFEA5B25E0942600CE0877 /* Color+Extensions.swift in Sources */,
				F02ECFBB260710EF0042AA10 /* CategoryView.swift in Sources */,
				F0BFEA3B25E093C100CE0877 /* AppDelegate.swift in Sources */,
				F02ECFAF26070FAA0042AA10 /* ProductImageGallery.swift in Sources */,
				F04E9FCF25E53FB800120F88 /* MainView.swift in Sources */,
				F0B543852605A41C00ACB311 /* PhoneVerificationView.swift in Sources */,
				F0B5438C2605B3BA00ACB311 /* PhoneVerificationDone.swift in Sources */,
				F06D55D3260AB79C00B8771F /* FavoriteView.swift in Sources */,
				F0FAB09025E165B800E0B3E2 /* SocialButton.swift in Sources */,
				F0630D4D260A232E002D768D /* SearchSuggestion.swift in Sources */,
				F02ECFAA26070DD20042AA10 /* OnBoardingSecondPage.swift in Sources */,
				F02ECFB126070FC70042AA10 /* SpecificationsTabView.swift in Sources */,
				F037C2CF260BC1E6009C1938 /* SettingsView.swift in Sources */,
				F0BFEA3D25E093C100CE0877 /* SceneDelegate.swift in Sources */,
				F0A8BA7225E4A49300161A11 /* ResetPasswordSentView.swift in Sources */,
				F0843D3C25E6EE9000970085 /* HomeTopDeals.swift in Sources */,
				F02ECFB8260710A40042AA10 /* ProductDetailsTabs.swift in Sources */,
				F06952BC25E2DD6A00CC431F /* SecureUnderlineTextField.swift in Sources */,
				F0B543872605B0B400ACB311 /* VerificationView.swift in Sources */,
				F06952BA25E2D60700CC431F /* CheckBox.swift in Sources */,
				F06952B825E2D21D00CC431F /* LoginView.swift in Sources */,
				F0630D54260A2F64002D768D /* RangedSlider.swift in Sources */,
				F0B5438A2605B1CC00ACB311 /* LoadingView.swift in Sources */,
				F0496A232601C91600C644C1 /* ReviewView.swift in Sources */,
				F02ECFB6260710210042AA10 /* DescriptionTabView.swift in Sources */,
				F037C2D6260BD010009C1938 /* SettingTile.swift in Sources */,
				F0BFEA5C25E0942600CE0877 /* PageViewController.swift in Sources */,
				F00AFB52260F16E80019F4A1 /* AddAddressView.swift in Sources */,
				F0630D50260A23C4002D768D /* FilterView.swift in Sources */,
				F0BFEA5725E0942600CE0877 /* OutlinedButton.swift in Sources */,
				F02ECFA826070DC40042AA10 /* OnBoardingFirstPage.swift in Sources */,
				F059CF5D2602E8890032BF7B /* Navigation.swift in Sources */,
				F0843D3A25E6EE7400970085 /* HomeView.swift in Sources */,
				F08A81E125F26AAD00D369B6 /* Tabs.swift in Sources */,
			);
			runOnlyForDeploymentPostprocessing = 0;
		};
/* End PBXSourcesBuildPhase section */

/* Begin PBXVariantGroup section */
		F0BFEA4525E093C400CE0877 /* LaunchScreen.storyboard */ = {
			isa = PBXVariantGroup;
			children = (
				F0BFEA4625E093C400CE0877 /* Base */,
			);
			name = LaunchScreen.storyboard;
			sourceTree = "<group>";
		};
/* End PBXVariantGroup section */

/* Begin XCBuildConfiguration section */
		F0BFEA4925E093C400CE0877 /* Debug */ = {
			isa = XCBuildConfiguration;
			buildSettings = {
				ALWAYS_SEARCH_USER_PATHS = NO;
				CLANG_ANALYZER_NONNULL = YES;
				CLANG_ANALYZER_NUMBER_OBJECT_CONVERSION = YES_AGGRESSIVE;
				CLANG_CXX_LANGUAGE_STANDARD = "gnu++14";
				CLANG_CXX_LIBRARY = "libc++";
				CLANG_ENABLE_MODULES = YES;
				CLANG_ENABLE_OBJC_ARC = YES;
				CLANG_ENABLE_OBJC_WEAK = YES;
				CLANG_WARN_BLOCK_CAPTURE_AUTORELEASING = YES;
				CLANG_WARN_BOOL_CONVERSION = YES;
				CLANG_WARN_COMMA = YES;
				CLANG_WARN_CONSTANT_CONVERSION = YES;
				CLANG_WARN_DEPRECATED_OBJC_IMPLEMENTATIONS = YES;
				CLANG_WARN_DIRECT_OBJC_ISA_USAGE = YES_ERROR;
				CLANG_WARN_DOCUMENTATION_COMMENTS = YES;
				CLANG_WARN_EMPTY_BODY = YES;
				CLANG_WARN_ENUM_CONVERSION = YES;
				CLANG_WARN_INFINITE_RECURSION = YES;
				CLANG_WARN_INT_CONVERSION = YES;
				CLANG_WARN_NON_LITERAL_NULL_CONVERSION = YES;
				CLANG_WARN_OBJC_IMPLICIT_RETAIN_SELF = YES;
				CLANG_WARN_OBJC_LITERAL_CONVERSION = YES;
				CLANG_WARN_OBJC_ROOT_CLASS = YES_ERROR;
				CLANG_WARN_RANGE_LOOP_ANALYSIS = YES;
				CLANG_WARN_STRICT_PROTOTYPES = YES;
				CLANG_WARN_SUSPICIOUS_MOVE = YES;
				CLANG_WARN_UNGUARDED_AVAILABILITY = YES_AGGRESSIVE;
				CLANG_WARN_UNREACHABLE_CODE = YES;
				CLANG_WARN__DUPLICATE_METHOD_MATCH = YES;
				COPY_PHASE_STRIP = NO;
				DEBUG_INFORMATION_FORMAT = dwarf;
				ENABLE_STRICT_OBJC_MSGSEND = YES;
				ENABLE_TESTABILITY = YES;
				GCC_C_LANGUAGE_STANDARD = gnu11;
				GCC_DYNAMIC_NO_PIC = NO;
				GCC_NO_COMMON_BLOCKS = YES;
				GCC_OPTIMIZATION_LEVEL = 0;
				GCC_PREPROCESSOR_DEFINITIONS = (
					"DEBUG=1",
					"$(inherited)",
				);
				GCC_WARN_64_TO_32_BIT_CONVERSION = YES;
				GCC_WARN_ABOUT_RETURN_TYPE = YES_ERROR;
				GCC_WARN_UNDECLARED_SELECTOR = YES;
				GCC_WARN_UNINITIALIZED_AUTOS = YES_AGGRESSIVE;
				GCC_WARN_UNUSED_FUNCTION = YES;
				GCC_WARN_UNUSED_VARIABLE = YES;
				IPHONEOS_DEPLOYMENT_TARGET = 13.7;
				MTL_ENABLE_DEBUG_INFO = INCLUDE_SOURCE;
				MTL_FAST_MATH = YES;
				ONLY_ACTIVE_ARCH = YES;
				SDKROOT = iphoneos;
				SWIFT_ACTIVE_COMPILATION_CONDITIONS = DEBUG;
				SWIFT_OPTIMIZATION_LEVEL = "-Onone";
			};
			name = Debug;
		};
		F0BFEA4A25E093C400CE0877 /* Release */ = {
			isa = XCBuildConfiguration;
			buildSettings = {
				ALWAYS_SEARCH_USER_PATHS = NO;
				CLANG_ANALYZER_NONNULL = YES;
				CLANG_ANALYZER_NUMBER_OBJECT_CONVERSION = YES_AGGRESSIVE;
				CLANG_CXX_LANGUAGE_STANDARD = "gnu++14";
				CLANG_CXX_LIBRARY = "libc++";
				CLANG_ENABLE_MODULES = YES;
				CLANG_ENABLE_OBJC_ARC = YES;
				CLANG_ENABLE_OBJC_WEAK = YES;
				CLANG_WARN_BLOCK_CAPTURE_AUTORELEASING = YES;
				CLANG_WARN_BOOL_CONVERSION = YES;
				CLANG_WARN_COMMA = YES;
				CLANG_WARN_CONSTANT_CONVERSION = YES;
				CLANG_WARN_DEPRECATED_OBJC_IMPLEMENTATIONS = YES;
				CLANG_WARN_DIRECT_OBJC_ISA_USAGE = YES_ERROR;
				CLANG_WARN_DOCUMENTATION_COMMENTS = YES;
				CLANG_WARN_EMPTY_BODY = YES;
				CLANG_WARN_ENUM_CONVERSION = YES;
				CLANG_WARN_INFINITE_RECURSION = YES;
				CLANG_WARN_INT_CONVERSION = YES;
				CLANG_WARN_NON_LITERAL_NULL_CONVERSION = YES;
				CLANG_WARN_OBJC_IMPLICIT_RETAIN_SELF = YES;
				CLANG_WARN_OBJC_LITERAL_CONVERSION = YES;
				CLANG_WARN_OBJC_ROOT_CLASS = YES_ERROR;
				CLANG_WARN_RANGE_LOOP_ANALYSIS = YES;
				CLANG_WARN_STRICT_PROTOTYPES = YES;
				CLANG_WARN_SUSPICIOUS_MOVE = YES;
				CLANG_WARN_UNGUARDED_AVAILABILITY = YES_AGGRESSIVE;
				CLANG_WARN_UNREACHABLE_CODE = YES;
				CLANG_WARN__DUPLICATE_METHOD_MATCH = YES;
				COPY_PHASE_STRIP = NO;
				DEBUG_INFORMATION_FORMAT = "dwarf-with-dsym";
				ENABLE_NS_ASSERTIONS = NO;
				ENABLE_STRICT_OBJC_MSGSEND = YES;
				GCC_C_LANGUAGE_STANDARD = gnu11;
				GCC_NO_COMMON_BLOCKS = YES;
				GCC_WARN_64_TO_32_BIT_CONVERSION = YES;
				GCC_WARN_ABOUT_RETURN_TYPE = YES_ERROR;
				GCC_WARN_UNDECLARED_SELECTOR = YES;
				GCC_WARN_UNINITIALIZED_AUTOS = YES_AGGRESSIVE;
				GCC_WARN_UNUSED_FUNCTION = YES;
				GCC_WARN_UNUSED_VARIABLE = YES;
				IPHONEOS_DEPLOYMENT_TARGET = 13.7;
				MTL_ENABLE_DEBUG_INFO = NO;
				MTL_FAST_MATH = YES;
				SDKROOT = iphoneos;
				SWIFT_COMPILATION_MODE = wholemodule;
				SWIFT_OPTIMIZATION_LEVEL = "-O";
				VALIDATE_PRODUCT = YES;
			};
			name = Release;
		};
		F0BFEA4C25E093C400CE0877 /* Debug */ = {
			isa = XCBuildConfiguration;
			buildSettings = {
				ASSETCATALOG_COMPILER_APPICON_NAME = AppIcon;
				CODE_SIGN_STYLE = Automatic;
				DEVELOPMENT_ASSET_PATHS = "\"ProjectOne/Preview Content\"";
				DEVELOPMENT_TEAM = G5YGUKALMP;
				ENABLE_PREVIEWS = YES;
				INFOPLIST_FILE = ProjectOne/Info.plist;
				LD_RUNPATH_SEARCH_PATHS = (
					"$(inherited)",
					"@executable_path/Frameworks",
				);
				PRODUCT_BUNDLE_IDENTIFIER = com.m7mdra.ProjectOne;
				PRODUCT_NAME = "$(TARGET_NAME)";
				SWIFT_VERSION = 5.0;
				TARGETED_DEVICE_FAMILY = "1,2";
			};
			name = Debug;
		};
		F0BFEA4D25E093C400CE0877 /* Release */ = {
			isa = XCBuildConfiguration;
			buildSettings = {
				ASSETCATALOG_COMPILER_APPICON_NAME = AppIcon;
				CODE_SIGN_STYLE = Automatic;
				DEVELOPMENT_ASSET_PATHS = "\"ProjectOne/Preview Content\"";
				DEVELOPMENT_TEAM = G5YGUKALMP;
				ENABLE_PREVIEWS = YES;
				INFOPLIST_FILE = ProjectOne/Info.plist;
				LD_RUNPATH_SEARCH_PATHS = (
					"$(inherited)",
					"@executable_path/Frameworks",
				);
				PRODUCT_BUNDLE_IDENTIFIER = com.m7mdra.ProjectOne;
				PRODUCT_NAME = "$(TARGET_NAME)";
				SWIFT_VERSION = 5.0;
				TARGETED_DEVICE_FAMILY = "1,2";
			};
			name = Release;
		};
/* End XCBuildConfiguration section */

/* Begin XCConfigurationList section */
		F0BFEA3225E093C100CE0877 /* Build configuration list for PBXProject "ProjectOne" */ = {
			isa = XCConfigurationList;
			buildConfigurations = (
				F0BFEA4925E093C400CE0877 /* Debug */,
				F0BFEA4A25E093C400CE0877 /* Release */,
			);
			defaultConfigurationIsVisible = 0;
			defaultConfigurationName = Release;
		};
		F0BFEA4B25E093C400CE0877 /* Build configuration list for PBXNativeTarget "ProjectOne" */ = {
			isa = XCConfigurationList;
			buildConfigurations = (
				F0BFEA4C25E093C400CE0877 /* Debug */,
				F0BFEA4D25E093C400CE0877 /* Release */,
			);
			defaultConfigurationIsVisible = 0;
			defaultConfigurationName = Release;
		};
/* End XCConfigurationList section */

/* Begin XCRemoteSwiftPackageReference section */
		F0D3E9E625E5AA1D00CD03BA /* XCRemoteSwiftPackageReference "SlidingTabView" */ = {
			isa = XCRemoteSwiftPackageReference;
			repositoryURL = "https://github.com/QuynhNguyen/SlidingTabView";
			requirement = {
				kind = upToNextMajorVersion;
				minimumVersion = 1.0.2;
			};
		};
/* End XCRemoteSwiftPackageReference section */

/* Begin XCSwiftPackageProductDependency section */
		F0D3E9E725E5AA1D00CD03BA /* SlidingTabView */ = {
			isa = XCSwiftPackageProductDependency;
			package = F0D3E9E625E5AA1D00CD03BA /* XCRemoteSwiftPackageReference "SlidingTabView" */;
			productName = SlidingTabView;
		};
/* End XCSwiftPackageProductDependency section */
	};
	rootObject = F0BFEA2F25E093C100CE0877 /* Project object */;
}
